{
  "name": "workshop-2",
  "version": "1.0.0",
  "lockfileVersion": 2,
  "requires": true,
  "packages": {
    "": {
      "name": "workshop-2",
      "version": "1.0.0",
      "license": "ISC",
      "dependencies": {
        "lit-html": "^2.2.7",
        "page": "^1.11.6"
      }
    },
    "node_modules/@types/trusted-types": {
      "version": "2.0.2",
      "resolved": "https://registry.npmjs.org/@types/trusted-types/-/trusted-types-2.0.2.tgz",
      "integrity": "sha512-F5DIZ36YVLE+PN+Zwws4kJogq47hNgX3Nx6WyDJ3kcplxyke3XIzB8uK5n/Lpm1HBsbGzd6nmGehL8cPekP+Tg=="
    },
    "node_modules/isarray": {
      "version": "0.0.1",
      "resolved": "https://registry.npmjs.org/isarray/-/isarray-0.0.1.tgz",
      "integrity": "sha512-D2S+3GLxWH+uhrNEcoh/fnmYeP8E8/zHl644d/jdA0g2uyXvy3sb0qxotE+ne0LtccHknQzWwZEzhak7oJ0COQ=="
    },
    "node_modules/lit-html": {
      "version": "2.2.7",
      "resolved": "https://registry.npmjs.org/lit-html/-/lit-html-2.2.7.tgz",
      "integrity": "sha512-JhqiAwO1l03kRe68uBZ0i2x4ef2S5szY9vvP411nlrFZIpKK4/hwnhA/15bqbvxe1lV3ipBdhaOzHmyOk7QIRg==",
      "dependencies": {
        "@types/trusted-types": "^2.0.2"
      }
    },
    "node_modules/page": {
      "version": "1.11.6",
      "resolved": "https://registry.npmjs.org/page/-/page-1.11.6.tgz",
      "integrity": "sha512-P6e2JfzkBrPeFCIPplLP7vDDiU84RUUZMrWdsH4ZBGJ8OosnwFkcUkBHp1DTIjuipLliw9yQn/ZJsXZvarsO+g==",
      "dependencies": {
        "path-to-regexp": "~1.2.1"
      }
    },
    "node_modules/path-to-regexp": {
      "version": "1.2.1",
      "resolved": "https://registry.npmjs.org/path-to-regexp/-/path-to-regexp-1.2.1.tgz",
      "integrity": "sha512-DBw9IhWfevR2zCVwEZURTuQNseCvu/Q9f5ZgqMCK0Rh61bDa4uyjPAOy9b55yKiPT59zZn+7uYKxmWwsguInwg==",
      "dependencies": {
        "isarray": "0.0.1"
      }
    }
  },
  "dependencies": {
    "@types/trusted-types": {
      "version": "2.0.2",
      "resolved": "https://registry.npmjs.org/@types/trusted-types/-/trusted-types-2.0.2.tgz",
      "integrity": "sha512-F5DIZ36YVLE+PN+Zwws4kJogq47hNgX3Nx6WyDJ3kcplxyke3XIzB8uK5n/Lpm1HBsbGzd6nmGehL8cPekP+Tg=="
    },
    "isarray": {
      "version": "0.0.1",
      "resolved": "https://registry.npmjs.org/isarray/-/isarray-0.0.1.tgz",
      "integrity": "sha512-D2S+3GLxWH+uhrNEcoh/fnmYeP8E8/zHl644d/jdA0g2uyXvy3sb0qxotE+ne0LtccHknQzWwZEzhak7oJ0COQ=="
    },
    "lit-html": {
      "version": "2.2.7",
      "resolved": "https://registry.npmjs.org/lit-html/-/lit-html-2.2.7.tgz",
      "integrity": "sha512-JhqiAwO1l03kRe68uBZ0i2x4ef2S5szY9vvP411nlrFZIpKK4/hwnhA/15bqbvxe1lV3ipBdhaOzHmyOk7QIRg==",
      "requires": {
        "@types/trusted-types": "^2.0.2"
      }
    },
    "page": {
      "version": "1.11.6",
      "resolved": "https://registry.npmjs.org/page/-/page-1.11.6.tgz",
      "integrity": "sha512-P6e2JfzkBrPeFCIPplLP7vDDiU84RUUZMrWdsH4ZBGJ8OosnwFkcUkBHp1DTIjuipLliw9yQn/ZJsXZvarsO+g==",
      "requires": {
        "path-to-regexp": "~1.2.1"
      }
    },
    "path-to-regexp": {
      "version": "1.2.1",
      "resolved": "https://registry.npmjs.org/path-to-regexp/-/path-to-regexp-1.2.1.tgz",
      "integrity": "sha512-DBw9IhWfevR2zCVwEZURTuQNseCvu/Q9f5ZgqMCK0Rh61bDa4uyjPAOy9b55yKiPT59zZn+7uYKxmWwsguInwg==",
      "requires": {
        "isarray": "0.0.1"
      }
    }
  }
}
